// !$*UTF8*$!
{
	archiveVersion = 1;
	classes = {
	};
	objectVersion = 56;
	objects = {

/* Begin PBXBuildFile section */
		405261A32B906B1600F4C756 /* DevOpsTestApp.swift in Sources */ = {isa = PBXBuildFile; fileRef = 405261A22B906B1600F4C756 /* DevOpsTestApp.swift */; };
		405261A52B906B1600F4C756 /* ContentView.swift in Sources */ = {isa = PBXBuildFile; fileRef = 405261A42B906B1600F4C756 /* ContentView.swift */; };
		405261A72B906B1900F4C756 /* Assets.xcassets in Resources */ = {isa = PBXBuildFile; fileRef = 405261A62B906B1900F4C756 /* Assets.xcassets */; };
		405261AA2B906B1900F4C756 /* Preview Assets.xcassets in Resources */ = {isa = PBXBuildFile; fileRef = 405261A92B906B1900F4C756 /* Preview Assets.xcassets */; };
		405261AC2B906B1900F4C756 /* Persistence.swift in Sources */ = {isa = PBXBuildFile; fileRef = 405261AB2B906B1900F4C756 /* Persistence.swift */; };
		405261AF2B906B1900F4C756 /* DevOpsTest.xcdatamodeld in Sources */ = {isa = PBXBuildFile; fileRef = 405261AD2B906B1900F4C756 /* DevOpsTest.xcdatamodeld */; };
		405261B92B906B1900F4C756 /* DevOpsTestTests.swift in Sources */ = {isa = PBXBuildFile; fileRef = 405261B82B906B1900F4C756 /* DevOpsTestTests.swift */; };
		405261C32B906B1900F4C756 /* DevOpsTestUITests.swift in Sources */ = {isa = PBXBuildFile; fileRef = 405261C22B906B1900F4C756 /* DevOpsTestUITests.swift */; };
		405261C52B906B1900F4C756 /* DevOpsTestUITestsLaunchTests.swift in Sources */ = {isa = PBXBuildFile; fileRef = 405261C42B906B1900F4C756 /* DevOpsTestUITestsLaunchTests.swift */; };
/* End PBXBuildFile section */

/* Begin PBXContainerItemProxy section */
		405261B52B906B1900F4C756 /* PBXContainerItemProxy */ = {
			isa = PBXContainerItemProxy;
			containerPortal = 405261972B906B1600F4C756 /* Project object */;
			proxyType = 1;
			remoteGlobalIDString = 4052619E2B906B1600F4C756;
			remoteInfo = DevOpsTest;
		};
		405261BF2B906B1900F4C756 /* PBXContainerItemProxy */ = {
			isa = PBXContainerItemProxy;
			containerPortal = 405261972B906B1600F4C756 /* Project object */;
			proxyType = 1;
			remoteGlobalIDString = 4052619E2B906B1600F4C756;
			remoteInfo = DevOpsTest;
		};
/* End PBXContainerItemProxy section */

/* Begin PBXFileReference section */
		4052619F2B906B1600F4C756 /* DevOpsTest.app */ = {isa = PBXFileReference; explicitFileType = wrapper.application; includeInIndex = 0; path = DevOpsTest.app; sourceTree = BUILT_PRODUCTS_DIR; };
		405261A22B906B1600F4C756 /* DevOpsTestApp.swift */ = {isa = PBXFileReference; lastKnownFileType = sourcecode.swift; path = DevOpsTestApp.swift; sourceTree = "<group>"; };
		405261A42B906B1600F4C756 /* ContentView.swift */ = {isa = PBXFileReference; lastKnownFileType = sourcecode.swift; path = ContentView.swift; sourceTree = "<group>"; };
		405261A62B906B1900F4C756 /* Assets.xcassets */ = {isa = PBXFileReference; lastKnownFileType = folder.assetcatalog; path = Assets.xcassets; sourceTree = "<group>"; };
		405261A92B906B1900F4C756 /* Preview Assets.xcassets */ = {isa = PBXFileReference; lastKnownFileType = folder.assetcatalog; path = "Preview Assets.xcassets"; sourceTree = "<group>"; };
		405261AB2B906B1900F4C756 /* Persistence.swift */ = {isa = PBXFileReference; lastKnownFileType = sourcecode.swift; path = Persistence.swift; sourceTree = "<group>"; };
		405261AE2B906B1900F4C756 /* DevOpsTest.xcdatamodel */ = {isa = PBXFileReference; lastKnownFileType = wrapper.xcdatamodel; path = DevOpsTest.xcdatamodel; sourceTree = "<group>"; };
		405261B42B906B1900F4C756 /* DevOpsTestTests.xctest */ = {isa = PBXFileReference; explicitFileType = wrapper.cfbundle; includeInIndex = 0; path = DevOpsTestTests.xctest; sourceTree = BUILT_PRODUCTS_DIR; };
		405261B82B906B1900F4C756 /* DevOpsTestTests.swift */ = {isa = PBXFileReference; lastKnownFileType = sourcecode.swift; path = DevOpsTestTests.swift; sourceTree = "<group>"; };
		405261BE2B906B1900F4C756 /* DevOpsTestUITests.xctest */ = {isa = PBXFileReference; explicitFileType = wrapper.cfbundle; includeInIndex = 0; path = DevOpsTestUITests.xctest; sourceTree = BUILT_PRODUCTS_DIR; };
		405261C22B906B1900F4C756 /* DevOpsTestUITests.swift */ = {isa = PBXFileReference; lastKnownFileType = sourcecode.swift; path = DevOpsTestUITests.swift; sourceTree = "<group>"; };
		405261C42B906B1900F4C756 /* DevOpsTestUITestsLaunchTests.swift */ = {isa = PBXFileReference; lastKnownFileType = sourcecode.swift; path = DevOpsTestUITestsLaunchTests.swift; sourceTree = "<group>"; };
/* End PBXFileReference section */

/* Begin PBXFrameworksBuildPhase section */
		4052619C2B906B1600F4C756 /* Frameworks */ = {
			isa = PBXFrameworksBuildPhase;
			buildActionMask = 2147483647;
			files = (
			);
			runOnlyForDeploymentPostprocessing = 0;
		};
		405261B12B906B1900F4C756 /* Frameworks */ = {
			isa = PBXFrameworksBuildPhase;
			buildActionMask = 2147483647;
			files = (
			);
			runOnlyForDeploymentPostprocessing = 0;
		};
		405261BB2B906B1900F4C756 /* Frameworks */ = {
			isa = PBXFrameworksBuildPhase;
			buildActionMask = 2147483647;
			files = (
			);
			runOnlyForDeploymentPostprocessing = 0;
		};
/* End PBXFrameworksBuildPhase section */

/* Begin PBXGroup section */
		405261962B906B1600F4C756 = {
			isa = PBXGroup;
			children = (
				405261A12B906B1600F4C756 /* DevOpsTest */,
				405261B72B906B1900F4C756 /* DevOpsTestTests */,
				405261C12B906B1900F4C756 /* DevOpsTestUITests */,
				405261A02B906B1600F4C756 /* Products */,
			);
			sourceTree = "<group>";
		};
		405261A02B906B1600F4C756 /* Products */ = {
			isa = PBXGroup;
			children = (
				4052619F2B906B1600F4C756 /* DevOpsTest.app */,
				405261B42B906B1900F4C756 /* DevOpsTestTests.xctest */,
				405261BE2B906B1900F4C756 /* DevOpsTestUITests.xctest */,
			);
			name = Products;
			sourceTree = "<group>";
		};
		405261A12B906B1600F4C756 /* DevOpsTest */ = {
			isa = PBXGroup;
			children = (
				405261A22B906B1600F4C756 /* DevOpsTestApp.swift */,
				405261A42B906B1600F4C756 /* ContentView.swift */,
				405261A62B906B1900F4C756 /* Assets.xcassets */,
				405261AB2B906B1900F4C756 /* Persistence.swift */,
				405261AD2B906B1900F4C756 /* DevOpsTest.xcdatamodeld */,
				405261A82B906B1900F4C756 /* Preview Content */,
			);
			path = DevOpsTest;
			sourceTree = "<group>";
		};
		405261A82B906B1900F4C756 /* Preview Content */ = {
			isa = PBXGroup;
			children = (
				405261A92B906B1900F4C756 /* Preview Assets.xcassets */,
			);
			path = "Preview Content";
			sourceTree = "<group>";
		};
		405261B72B906B1900F4C756 /* DevOpsTestTests */ = {
			isa = PBXGroup;
			children = (
				405261B82B906B1900F4C756 /* DevOpsTestTests.swift */,
			);
			path = DevOpsTestTests;
			sourceTree = "<group>";
		};
		405261C12B906B1900F4C756 /* DevOpsTestUITests */ = {
			isa = PBXGroup;
			children = (
				405261C22B906B1900F4C756 /* DevOpsTestUITests.swift */,
				405261C42B906B1900F4C756 /* DevOpsTestUITestsLaunchTests.swift */,
			);
			path = DevOpsTestUITests;
			sourceTree = "<group>";
		};
/* End PBXGroup section */

/* Begin PBXNativeTarget section */
		4052619E2B906B1600F4C756 /* DevOpsTest */ = {
			isa = PBXNativeTarget;
			buildConfigurationList = 405261C82B906B1900F4C756 /* Build configuration list for PBXNativeTarget "DevOpsTest" */;
			buildPhases = (
				4052619B2B906B1600F4C756 /* Sources */,
				4052619C2B906B1600F4C756 /* Frameworks */,
				4052619D2B906B1600F4C756 /* Resources */,
			);
			buildRules = (
			);
			dependencies = (
			);
			name = DevOpsTest;
			productName = DevOpsTest;
			productReference = 4052619F2B906B1600F4C756 /* DevOpsTest.app */;
			productType = "com.apple.product-type.application";
		};
		405261B32B906B1900F4C756 /* DevOpsTestTests */ = {
			isa = PBXNativeTarget;
			buildConfigurationList = 405261CB2B906B1900F4C756 /* Build configuration list for PBXNativeTarget "DevOpsTestTests" */;
			buildPhases = (
				405261B02B906B1900F4C756 /* Sources */,
				405261B12B906B1900F4C756 /* Frameworks */,
				405261B22B906B1900F4C756 /* Resources */,
			);
			buildRules = (
			);
			dependencies = (
				405261B62B906B1900F4C756 /* PBXTargetDependency */,
			);
			name = DevOpsTestTests;
			productName = DevOpsTestTests;
			productReference = 405261B42B906B1900F4C756 /* DevOpsTestTests.xctest */;
			productType = "com.apple.product-type.bundle.unit-test";
		};
		405261BD2B906B1900F4C756 /* DevOpsTestUITests */ = {
			isa = PBXNativeTarget;
			buildConfigurationList = 405261CE2B906B1900F4C756 /* Build configuration list for PBXNativeTarget "DevOpsTestUITests" */;
			buildPhases = (
				405261BA2B906B1900F4C756 /* Sources */,
				405261BB2B906B1900F4C756 /* Frameworks */,
				405261BC2B906B1900F4C756 /* Resources */,
			);
			buildRules = (
			);
			dependencies = (
				405261C02B906B1900F4C756 /* PBXTargetDependency */,
			);
			name = DevOpsTestUITests;
			productName = DevOpsTestUITests;
			productReference = 405261BE2B906B1900F4C756 /* DevOpsTestUITests.xctest */;
			productType = "com.apple.product-type.bundle.ui-testing";
		};
/* End PBXNativeTarget section */

/* Begin PBXProject section */
		405261972B906B1600F4C756 /* Project object */ = {
			isa = PBXProject;
			attributes = {
				BuildIndependentTargetsInParallel = 1;
				LastSwiftUpdateCheck = 1430;
				LastUpgradeCheck = 1430;
				TargetAttributes = {
					4052619E2B906B1600F4C756 = {
						CreatedOnToolsVersion = 14.3.1;
					};
					405261B32B906B1900F4C756 = {
						CreatedOnToolsVersion = 14.3.1;
						TestTargetID = 4052619E2B906B1600F4C756;
					};
					405261BD2B906B1900F4C756 = {
						CreatedOnToolsVersion = 14.3.1;
						TestTargetID = 4052619E2B906B1600F4C756;
					};
				};
			};
			buildConfigurationList = 4052619A2B906B1600F4C756 /* Build configuration list for PBXProject "DevOpsTest" */;
			compatibilityVersion = "Xcode 14.0";
			developmentRegion = en;
			hasScannedForEncodings = 0;
			knownRegions = (
				en,
				Base,
			);
			mainGroup = 405261962B906B1600F4C756;
			productRefGroup = 405261A02B906B1600F4C756 /* Products */;
			projectDirPath = "";
			projectRoot = "";
			targets = (
				4052619E2B906B1600F4C756 /* DevOpsTest */,
				405261B32B906B1900F4C756 /* DevOpsTestTests */,
				405261BD2B906B1900F4C756 /* DevOpsTestUITests */,
			);
		};
/* End PBXProject section */

/* Begin PBXResourcesBuildPhase section */
		4052619D2B906B1600F4C756 /* Resources */ = {
			isa = PBXResourcesBuildPhase;
			buildActionMask = 2147483647;
			files = (
				405261AA2B906B1900F4C756 /* Preview Assets.xcassets in Resources */,
				405261A72B906B1900F4C756 /* Assets.xcassets in Resources */,
			);
			runOnlyForDeploymentPostprocessing = 0;
		};
		405261B22B906B1900F4C756 /* Resources */ = {
			isa = PBXResourcesBuildPhase;
			buildActionMask = 2147483647;
			files = (
			);
			runOnlyForDeploymentPostprocessing = 0;
		};
		405261BC2B906B1900F4C756 /* Resources */ = {
			isa = PBXResourcesBuildPhase;
			buildActionMask = 2147483647;
			files = (
			);
			runOnlyForDeploymentPostprocessing = 0;
		};
/* End PBXResourcesBuildPhase section */

/* Begin PBXSourcesBuildPhase section */
		4052619B2B906B1600F4C756 /* Sources */ = {
			isa = PBXSourcesBuildPhase;
			buildActionMask = 2147483647;
			files = (
				405261AF2B906B1900F4C756 /* DevOpsTest.xcdatamodeld in Sources */,
				405261AC2B906B1900F4C756 /* Persistence.swift in Sources */,
				405261A52B906B1600F4C756 /* ContentView.swift in Sources */,
				405261A32B906B1600F4C756 /* DevOpsTestApp.swift in Sources */,
			);
			runOnlyForDeploymentPostprocessing = 0;
		};
		405261B02B906B1900F4C756 /* Sources */ = {
			isa = PBXSourcesBuildPhase;
			buildActionMask = 2147483647;
			files = (
				405261B92B906B1900F4C756 /* DevOpsTestTests.swift in Sources */,
			);
			runOnlyForDeploymentPostprocessing = 0;
		};
		405261BA2B906B1900F4C756 /* Sources */ = {
			isa = PBXSourcesBuildPhase;
			buildActionMask = 2147483647;
			files = (
				405261C32B906B1900F4C756 /* DevOpsTestUITests.swift in Sources */,
				405261C52B906B1900F4C756 /* DevOpsTestUITestsLaunchTests.swift in Sources */,
			);
			runOnlyForDeploymentPostprocessing = 0;
		};
/* End PBXSourcesBuildPhase section */

/* Begin PBXTargetDependency section */
		405261B62B906B1900F4C756 /* PBXTargetDependency */ = {
			isa = PBXTargetDependency;
			target = 4052619E2B906B1600F4C756 /* DevOpsTest */;
			targetProxy = 405261B52B906B1900F4C756 /* PBXContainerItemProxy */;
		};
		405261C02B906B1900F4C756 /* PBXTargetDependency */ = {
			isa = PBXTargetDependency;
			target = 4052619E2B906B1600F4C756 /* DevOpsTest */;
			targetProxy = 405261BF2B906B1900F4C756 /* PBXContainerItemProxy */;
		};
/* End PBXTargetDependency section */

/* Begin XCBuildConfiguration section */
		405261C62B906B1900F4C756 /* Debug */ = {
			isa = XCBuildConfiguration;
			buildSettings = {
				ALWAYS_SEARCH_USER_PATHS = NO;
				CLANG_ANALYZER_NONNULL = YES;
				CLANG_ANALYZER_NUMBER_OBJECT_CONVERSION = YES_AGGRESSIVE;
				CLANG_CXX_LANGUAGE_STANDARD = "gnu++20";
				CLANG_ENABLE_MODULES = YES;
				CLANG_ENABLE_OBJC_ARC = YES;
				CLANG_ENABLE_OBJC_WEAK = YES;
				CLANG_WARN_BLOCK_CAPTURE_AUTORELEASING = YES;
				CLANG_WARN_BOOL_CONVERSION = YES;
				CLANG_WARN_COMMA = YES;
				CLANG_WARN_CONSTANT_CONVERSION = YES;
				CLANG_WARN_DEPRECATED_OBJC_IMPLEMENTATIONS = YES;
				CLANG_WARN_DIRECT_OBJC_ISA_USAGE = YES_ERROR;
				CLANG_WARN_DOCUMENTATION_COMMENTS = YES;
				CLANG_WARN_EMPTY_BODY = YES;
				CLANG_WARN_ENUM_CONVERSION = YES;
				CLANG_WARN_INFINITE_RECURSION = YES;
				CLANG_WARN_INT_CONVERSION = YES;
				CLANG_WARN_NON_LITERAL_NULL_CONVERSION = YES;
				CLANG_WARN_OBJC_IMPLICIT_RETAIN_SELF = YES;
				CLANG_WARN_OBJC_LITERAL_CONVERSION = YES;
				CLANG_WARN_OBJC_ROOT_CLASS = YES_ERROR;
				CLANG_WARN_QUOTED_INCLUDE_IN_FRAMEWORK_HEADER = YES;
				CLANG_WARN_RANGE_LOOP_ANALYSIS = YES;
				CLANG_WARN_STRICT_PROTOTYPES = YES;
				CLANG_WARN_SUSPICIOUS_MOVE = YES;
				CLANG_WARN_UNGUARDED_AVAILABILITY = YES_AGGRESSIVE;
				CLANG_WARN_UNREACHABLE_CODE = YES;
				CLANG_WARN__DUPLICATE_METHOD_MATCH = YES;
				COPY_PHASE_STRIP = NO;
				DEBUG_INFORMATION_FORMAT = dwarf;
				ENABLE_STRICT_OBJC_MSGSEND = YES;
				ENABLE_TESTABILITY = YES;
				GCC_C_LANGUAGE_STANDARD = gnu11;
				GCC_DYNAMIC_NO_PIC = NO;
				GCC_NO_COMMON_BLOCKS = YES;
				GCC_OPTIMIZATION_LEVEL = 0;
				GCC_PREPROCESSOR_DEFINITIONS = (
					"DEBUG=1",
					"$(inherited)",
				);
				GCC_WARN_64_TO_32_BIT_CONVERSION = YES;
				GCC_WARN_ABOUT_RETURN_TYPE = YES_ERROR;
				GCC_WARN_UNDECLARED_SELECTOR = YES;
				GCC_WARN_UNINITIALIZED_AUTOS = YES_AGGRESSIVE;
				GCC_WARN_UNUSED_FUNCTION = YES;
				GCC_WARN_UNUSED_VARIABLE = YES;
				IPHONEOS_DEPLOYMENT_TARGET = 16.4;
				MTL_ENABLE_DEBUG_INFO = INCLUDE_SOURCE;
				MTL_FAST_MATH = YES;
				ONLY_ACTIVE_ARCH = YES;
				SDKROOT = iphoneos;
				SWIFT_ACTIVE_COMPILATION_CONDITIONS = DEBUG;
				SWIFT_OPTIMIZATION_LEVEL = "-Onone";
			};
			name = Debug;
		};
		405261C72B906B1900F4C756 /* Release */ = {
			isa = XCBuildConfiguration;
			buildSettings = {
				ALWAYS_SEARCH_USER_PATHS = NO;
				CLANG_ANALYZER_NONNULL = YES;
				CLANG_ANALYZER_NUMBER_OBJECT_CONVERSION = YES_AGGRESSIVE;
				CLANG_CXX_LANGUAGE_STANDARD = "gnu++20";
				CLANG_ENABLE_MODULES = YES;
				CLANG_ENABLE_OBJC_ARC = YES;
				CLANG_ENABLE_OBJC_WEAK = YES;
				CLANG_WARN_BLOCK_CAPTURE_AUTORELEASING = YES;
				CLANG_WARN_BOOL_CONVERSION = YES;
				CLANG_WARN_COMMA = YES;
				CLANG_WARN_CONSTANT_CONVERSION = YES;
				CLANG_WARN_DEPRECATED_OBJC_IMPLEMENTATIONS = YES;
				CLANG_WARN_DIRECT_OBJC_ISA_USAGE = YES_ERROR;
				CLANG_WARN_DOCUMENTATION_COMMENTS = YES;
				CLANG_WARN_EMPTY_BODY = YES;
				CLANG_WARN_ENUM_CONVERSION = YES;
				CLANG_WARN_INFINITE_RECURSION = YES;
				CLANG_WARN_INT_CONVERSION = YES;
				CLANG_WARN_NON_LITERAL_NULL_CONVERSION = YES;
				CLANG_WARN_OBJC_IMPLICIT_RETAIN_SELF = YES;
				CLANG_WARN_OBJC_LITERAL_CONVERSION = YES;
				CLANG_WARN_OBJC_ROOT_CLASS = YES_ERROR;
				CLANG_WARN_QUOTED_INCLUDE_IN_FRAMEWORK_HEADER = YES;
				CLANG_WARN_RANGE_LOOP_ANALYSIS = YES;
				CLANG_WARN_STRICT_PROTOTYPES = YES;
				CLANG_WARN_SUSPICIOUS_MOVE = YES;
				CLANG_WARN_UNGUARDED_AVAILABILITY = YES_AGGRESSIVE;
				CLANG_WARN_UNREACHABLE_CODE = YES;
				CLANG_WARN__DUPLICATE_METHOD_MATCH = YES;
				COPY_PHASE_STRIP = NO;
				DEBUG_INFORMATION_FORMAT = "dwarf-with-dsym";
				ENABLE_NS_ASSERTIONS = NO;
				ENABLE_STRICT_OBJC_MSGSEND = YES;
				GCC_C_LANGUAGE_STANDARD = gnu11;
				GCC_NO_COMMON_BLOCKS = YES;
				GCC_WARN_64_TO_32_BIT_CONVERSION = YES;
				GCC_WARN_ABOUT_RETURN_TYPE = YES_ERROR;
				GCC_WARN_UNDECLARED_SELECTOR = YES;
				GCC_WARN_UNINITIALIZED_AUTOS = YES_AGGRESSIVE;
				GCC_WARN_UNUSED_FUNCTION = YES;
				GCC_WARN_UNUSED_VARIABLE = YES;
				IPHONEOS_DEPLOYMENT_TARGET = 16.4;
				MTL_ENABLE_DEBUG_INFO = NO;
				MTL_FAST_MATH = YES;
				SDKROOT = iphoneos;
				SWIFT_COMPILATION_MODE = wholemodule;
				SWIFT_OPTIMIZATION_LEVEL = "-O";
				VALIDATE_PRODUCT = YES;
			};
			name = Release;
		};
		405261C92B906B1900F4C756 /* Debug */ = {
			isa = XCBuildConfiguration;
			buildSettings = {
				ASSETCATALOG_COMPILER_APPICON_NAME = AppIcon;
				ASSETCATALOG_COMPILER_GLOBAL_ACCENT_COLOR_NAME = AccentColor;
				CODE_SIGN_STYLE = Automatic;
				CURRENT_PROJECT_VERSION = 1;
				DEVELOPMENT_ASSET_PATHS = "\"DevOpsTest/Preview Content\"";
				ENABLE_PREVIEWS = YES;
				GENERATE_INFOPLIST_FILE = YES;
				INFOPLIST_KEY_UIApplicationSceneManifest_Generation = YES;
				INFOPLIST_KEY_UIApplicationSupportsIndirectInputEvents = YES;
				INFOPLIST_KEY_UILaunchScreen_Generation = YES;
				INFOPLIST_KEY_UISupportedInterfaceOrientations_iPad = "UIInterfaceOrientationPortrait UIInterfaceOrientationPortraitUpsideDown UIInterfaceOrientationLandscapeLeft UIInterfaceOrientationLandscapeRight";
				INFOPLIST_KEY_UISupportedInterfaceOrientations_iPhone = "UIInterfaceOrientationPortrait UIInterfaceOrientationLandscapeLeft UIInterfaceOrientationLandscapeRight";
				LD_RUNPATH_SEARCH_PATHS = (
					"$(inherited)",
					"@executable_path/Frameworks",
				);
				MARKETING_VERSION = 1.0;
				PRODUCT_BUNDLE_IDENTIFIER = app.DevOpsTest.DevOpsTest;
				PRODUCT_NAME = "$(TARGET_NAME)";
				SWIFT_EMIT_LOC_STRINGS = YES;
				SWIFT_VERSION = 5.0;
				TARGETED_DEVICE_FAMILY = "1,2";
			};
			name = Debug;
		};
		405261CA2B906B1900F4C756 /* Release */ = {
			isa = XCBuildConfiguration;
			buildSettings = {
				ASSETCATALOG_COMPILER_APPICON_NAME = AppIcon;
				ASSETCATALOG_COMPILER_GLOBAL_ACCENT_COLOR_NAME = AccentColor;
				CODE_SIGN_STYLE = Automatic;
				CURRENT_PROJECT_VERSION = 1;
				DEVELOPMENT_ASSET_PATHS = "\"DevOpsTest/Preview Content\"";
				ENABLE_PREVIEWS = YES;
				GENERATE_INFOPLIST_FILE = YES;
				INFOPLIST_KEY_UIApplicationSceneManifest_Generation = YES;
				INFOPLIST_KEY_UIApplicationSupportsIndirectInputEvents = YES;
				INFOPLIST_KEY_UILaunchScreen_Generation = YES;
				INFOPLIST_KEY_UISupportedInterfaceOrientations_iPad = "UIInterfaceOrientationPortrait UIInterfaceOrientationPortraitUpsideDown UIInterfaceOrientationLandscapeLeft UIInterfaceOrientationLandscapeRight";
				INFOPLIST_KEY_UISupportedInterfaceOrientations_iPhone = "UIInterfaceOrientationPortrait UIInterfaceOrientationLandscapeLeft UIInterfaceOrientationLandscapeRight";
				LD_RUNPATH_SEARCH_PATHS = (
					"$(inherited)",
					"@executable_path/Frameworks",
				);
				MARKETING_VERSION = 1.0;
				PRODUCT_BUNDLE_IDENTIFIER = app.DevOpsTest.DevOpsTest;
				PRODUCT_NAME = "$(TARGET_NAME)";
				SWIFT_EMIT_LOC_STRINGS = YES;
				SWIFT_VERSION = 5.0;
				TARGETED_DEVICE_FAMILY = "1,2";
			};
			name = Release;
		};
		405261CC2B906B1900F4C756 /* Debug */ = {
			isa = XCBuildConfiguration;
			buildSettings = {
				ALWAYS_EMBED_SWIFT_STANDARD_LIBRARIES = YES;
				BUNDLE_LOADER = "$(TEST_HOST)";
				CODE_SIGN_STYLE = Automatic;
				CURRENT_PROJECT_VERSION = 1;
				GENERATE_INFOPLIST_FILE = YES;
				IPHONEOS_DEPLOYMENT_TARGET = 16.4;
				MARKETING_VERSION = 1.0;
				PRODUCT_BUNDLE_IDENTIFIER = app.DevOpsTest.DevOpsTestTests;
				PRODUCT_NAME = "$(TARGET_NAME)";
				SWIFT_EMIT_LOC_STRINGS = NO;
				SWIFT_VERSION = 5.0;
				TARGETED_DEVICE_FAMILY = "1,2";
				TEST_HOST = "$(BUILT_PRODUCTS_DIR)/DevOpsTest.app/$(BUNDLE_EXECUTABLE_FOLDER_PATH)/DevOpsTest";
			};
			name = Debug;
		};
		405261CD2B906B1900F4C756 /* Release */ = {
			isa = XCBuildConfiguration;
			buildSettings = {
				ALWAYS_EMBED_SWIFT_STANDARD_LIBRARIES = YES;
				BUNDLE_LOADER = "$(TEST_HOST)";
				CODE_SIGN_STYLE = Automatic;
				CURRENT_PROJECT_VERSION = 1;
				GENERATE_INFOPLIST_FILE = YES;
				IPHONEOS_DEPLOYMENT_TARGET = 16.4;
				MARKETING_VERSION = 1.0;
				PRODUCT_BUNDLE_IDENTIFIER = app.DevOpsTest.DevOpsTestTests;
				PRODUCT_NAME = "$(TARGET_NAME)";
				SWIFT_EMIT_LOC_STRINGS = NO;
				SWIFT_VERSION = 5.0;
				TARGETED_DEVICE_FAMILY = "1,2";
				TEST_HOST = "$(BUILT_PRODUCTS_DIR)/DevOpsTest.app/$(BUNDLE_EXECUTABLE_FOLDER_PATH)/DevOpsTest";
			};
			name = Release;
		};
		405261CF2B906B1900F4C756 /* Debug */ = {
			isa = XCBuildConfiguration;
			buildSettings = {
				ALWAYS_EMBED_SWIFT_STANDARD_LIBRARIES = YES;
				CODE_SIGN_STYLE = Automatic;
				CURRENT_PROJECT_VERSION = 1;
				GENERATE_INFOPLIST_FILE = YES;
				MARKETING_VERSION = 1.0;
				PRODUCT_BUNDLE_IDENTIFIER = app.DevOpsTest.DevOpsTestUITests;
				PRODUCT_NAME = "$(TARGET_NAME)";
				SWIFT_EMIT_LOC_STRINGS = NO;
				SWIFT_VERSION = 5.0;
				TARGETED_DEVICE_FAMILY = "1,2";
				TEST_TARGET_NAME = DevOpsTest;
			};
			name = Debug;
		};
		405261D02B906B1900F4C756 /* Release */ = {
			isa = XCBuildConfiguration;
			buildSettings = {
				ALWAYS_EMBED_SWIFT_STANDARD_LIBRARIES = YES;
				CODE_SIGN_STYLE = Automatic;
				CURRENT_PROJECT_VERSION = 1;
				GENERATE_INFOPLIST_FILE = YES;
				MARKETING_VERSION = 1.0;
				PRODUCT_BUNDLE_IDENTIFIER = app.DevOpsTest.DevOpsTestUITests;
				PRODUCT_NAME = "$(TARGET_NAME)";
				SWIFT_EMIT_LOC_STRINGS = NO;
				SWIFT_VERSION = 5.0;
				TARGETED_DEVICE_FAMILY = "1,2";
				TEST_TARGET_NAME = DevOpsTest;
			};
			name = Release;
		};
/* End XCBuildConfiguration section */

/* Begin XCConfigurationList section */
		4052619A2B906B1600F4C756 /* Build configuration list for PBXProject "DevOpsTest" */ = {
			isa = XCConfigurationList;
			buildConfigurations = (
				405261C62B906B1900F4C756 /* Debug */,
				405261C72B906B1900F4C756 /* Release */,
			);
			defaultConfigurationIsVisible = 0;
			defaultConfigurationName = Release;
		};
		405261C82B906B1900F4C756 /* Build configuration list for PBXNativeTarget "DevOpsTest" */ = {
			isa = XCConfigurationList;
			buildConfigurations = (
				405261C92B906B1900F4C756 /* Debug */,
				405261CA2B906B1900F4C756 /* Release */,
			);
			defaultConfigurationIsVisible = 0;
			defaultConfigurationName = Release;
		};
		405261CB2B906B1900F4C756 /* Build configuration list for PBXNativeTarget "DevOpsTestTests" */ = {
			isa = XCConfigurationList;
			buildConfigurations = (
				405261CC2B906B1900F4C756 /* Debug */,
				405261CD2B906B1900F4C756 /* Release */,
			);
			defaultConfigurationIsVisible = 0;
			defaultConfigurationName = Release;
		};
		405261CE2B906B1900F4C756 /* Build configuration list for PBXNativeTarget "DevOpsTestUITests" */ = {
			isa = XCConfigurationList;
			buildConfigurations = (
				405261CF2B906B1900F4C756 /* Debug */,
				405261D02B906B1900F4C756 /* Release */,
			);
			defaultConfigurationIsVisible = 0;
			defaultConfigurationName = Release;
		};
/* End XCConfigurationList section */

/* Begin XCVersionGroup section */
		405261AD2B906B1900F4C756 /* DevOpsTest.xcdatamodeld */ = {
			isa = XCVersionGroup;
			children = (
				405261AE2B906B1900F4C756 /* DevOpsTest.xcdatamodel */,
			);
			currentVersion = 405261AE2B906B1900F4C756 /* DevOpsTest.xcdatamodel */;
			path = DevOpsTest.xcdatamodeld;
			sourceTree = "<group>";
			versionGroupType = wrapper.xcdatamodel;
		};
/* End XCVersionGroup section */
	};
	rootObject = 405261972B906B1600F4C756 /* Project object */;
}
